// !$*UTF8*$!
{
	archiveVersion = 1;
	classes = {
	};
	objectVersion = 46;
	objects = {

/* Begin PBXBuildFile section */
		2A1A9E261CB06ED40080330D /* test_ud_graph.c in Sources */ = {isa = PBXBuildFile; fileRef = 2A1A9E021CB06E4A0080330D /* test_ud_graph.c */; };
		2A1A9E271CB06ED40080330D /* ud_graph.c in Sources */ = {isa = PBXBuildFile; fileRef = 2A1A9E031CB06E4A0080330D /* ud_graph.c */; };
		2A1A9E311CB0886F0080330D /* btree.c in Sources */ = {isa = PBXBuildFile; fileRef = 2A1A9E2A1CB082450080330D /* btree.c */; };
		2A36E4E8281ADC4100D1705F /* tbr0.c in Sources */ = {isa = PBXBuildFile; fileRef = 2A36E4E5281ADC4000D1705F /* tbr0.c */; };
		2A36E4E9281ADC4100D1705F /* tbr.c in Sources */ = {isa = PBXBuildFile; fileRef = 2A36E4E6281ADC4000D1705F /* tbr.c */; };
		2A36E4EA281ADC4100D1705F /* tbr1.c in Sources */ = {isa = PBXBuildFile; fileRef = 2A36E4E7281ADC4000D1705F /* tbr1.c */; };
		2A590C001CF2A4F700FA4EBC /* linked_list.c in Sources */ = {isa = PBXBuildFile; fileRef = 2A590BFC1CF2A4F700FA4EBC /* linked_list.c */; };
		2A590C121CF2C8E000FA4EBC /* hash_table.c in Sources */ = {isa = PBXBuildFile; fileRef = 2A590BFB1CF2A4F700FA4EBC /* hash_table.c */; };
		2A590C131CF2C8E000FA4EBC /* linked_list.c in Sources */ = {isa = PBXBuildFile; fileRef = 2A590BFC1CF2A4F700FA4EBC /* linked_list.c */; };
		2A5DD6F027F1E3FA00D8F740 /* heap.c in Sources */ = {isa = PBXBuildFile; fileRef = 2A5DD6E927F1E39700D8F740 /* heap.c */; };
		2A5DD6F127F1E3FA00D8F740 /* test_heap.c in Sources */ = {isa = PBXBuildFile; fileRef = 2A5DD6EB27F1E39700D8F740 /* test_heap.c */; };
		2A5DD6F227F1E40C00D8F740 /* fifo.c in Sources */ = {isa = PBXBuildFile; fileRef = 2A5DD6E727F1E39700D8F740 /* fifo.c */; };
		2A5DD6F627F1E52F00D8F740 /* test_fifo.c in Sources */ = {isa = PBXBuildFile; fileRef = 2A5DD6F427F1E52F00D8F740 /* test_fifo.c */; };
		2A7635E92816FC1600CB15A9 /* test_btree.c in Sources */ = {isa = PBXBuildFile; fileRef = 2A7635E32816FB3F00CB15A9 /* test_btree.c */; };
		2A893D2D27ECA7A900F6B29F /* test_avl_tree.c in Sources */ = {isa = PBXBuildFile; fileRef = 2A893D2A27ECA7A800F6B29F /* test_avl_tree.c */; };
		2A893D2E27ECA7A900F6B29F /* avl_tree.c in Sources */ = {isa = PBXBuildFile; fileRef = 2A893D2B27ECA7A800F6B29F /* avl_tree.c */; };
		2A893D3127ECA94D00F6B29F /* Makefile in Sources */ = {isa = PBXBuildFile; fileRef = 2A893D3027ECA94D00F6B29F /* Makefile */; };
		2A893D4827ECB15400F6B29F /* binary_tree.c in Sources */ = {isa = PBXBuildFile; fileRef = 2A590BF91CF2A4F700FA4EBC /* binary_tree.c */; };
		2A893D5227ECB16E00F6B29F /* hash_table.c in Sources */ = {isa = PBXBuildFile; fileRef = 2A590BFB1CF2A4F700FA4EBC /* hash_table.c */; };
		2A893D5427ECB5A300F6B29F /* test_linked_list.c in Sources */ = {isa = PBXBuildFile; fileRef = 2A893D5327ECB5A300F6B29F /* test_linked_list.c */; };
		2A893D5727ECE05400F6B29F /* test_hash_table.c in Sources */ = {isa = PBXBuildFile; fileRef = 2A893D5627ECE05400F6B29F /* test_hash_table.c */; };
		2AB396C127E507FF00FF27A5 /* binary_tree.c in Sources */ = {isa = PBXBuildFile; fileRef = 2A590BF91CF2A4F700FA4EBC /* binary_tree.c */; };
		2AB396C327E89C2E00FF27A5 /* avl_comparisons.cpp in Sources */ = {isa = PBXBuildFile; fileRef = 2AB396B527E5076A00FF27A5 /* avl_comparisons.cpp */; };
		2AB396C427E8B95000FF27A5 /* hash_table.c in Sources */ = {isa = PBXBuildFile; fileRef = 2A590BFB1CF2A4F700FA4EBC /* hash_table.c */; };
		2ACBAA9E27F7587100441F04 /* bcache.c in Sources */ = {isa = PBXBuildFile; fileRef = 2ACBAA9C27F7564F00441F04 /* bcache.c */; };
		2ACBAA9F27F7587100441F04 /* test_bcache.c in Sources */ = {isa = PBXBuildFile; fileRef = 2ACBAA9727F7564F00441F04 /* test_bcache.c */; };
/* End PBXBuildFile section */

/* Begin PBXCopyFilesBuildPhase section */
		2A1A9DE01CB06C250080330D /* CopyFiles */ = {
			isa = PBXCopyFilesBuildPhase;
			buildActionMask = 2147483647;
			dstPath = /usr/share/man/man1/;
			dstSubfolderSpec = 0;
			files = (
			);
			runOnlyForDeploymentPostprocessing = 1;
		};
		2A1A9E141CB06EB30080330D /* CopyFiles */ = {
			isa = PBXCopyFilesBuildPhase;
			buildActionMask = 2147483647;
			dstPath = /usr/share/man/man1/;
			dstSubfolderSpec = 0;
			files = (
			);
			runOnlyForDeploymentPostprocessing = 1;
		};
		2A1A9E201CB06EBA0080330D /* CopyFiles */ = {
			isa = PBXCopyFilesBuildPhase;
			buildActionMask = 2147483647;
			dstPath = /usr/share/man/man1/;
			dstSubfolderSpec = 0;
			files = (
			);
			runOnlyForDeploymentPostprocessing = 1;
		};
		2A1A9E381CB0886F0080330D /* CopyFiles */ = {
			isa = PBXCopyFilesBuildPhase;
			buildActionMask = 2147483647;
			dstPath = /usr/share/man/man1/;
			dstSubfolderSpec = 0;
			files = (
			);
			runOnlyForDeploymentPostprocessing = 1;
		};
		2A590C0D1CF2C48C00FA4EBC /* CopyFiles */ = {
			isa = PBXCopyFilesBuildPhase;
			buildActionMask = 2147483647;
			dstPath = /usr/share/man/man1/;
			dstSubfolderSpec = 0;
			files = (
			);
			runOnlyForDeploymentPostprocessing = 1;
		};
		2A893D4327ECB14500F6B29F /* CopyFiles */ = {
			isa = PBXCopyFilesBuildPhase;
			buildActionMask = 2147483647;
			dstPath = /usr/share/man/man1/;
			dstSubfolderSpec = 0;
			files = (
			);
			runOnlyForDeploymentPostprocessing = 1;
		};
		2A893D4D27ECB15C00F6B29F /* CopyFiles */ = {
			isa = PBXCopyFilesBuildPhase;
			buildActionMask = 2147483647;
			dstPath = /usr/share/man/man1/;
			dstSubfolderSpec = 0;
			files = (
			);
			runOnlyForDeploymentPostprocessing = 1;
		};
		2AA8185427DFAB530059F7FC /* CopyFiles */ = {
			isa = PBXCopyFilesBuildPhase;
			buildActionMask = 2147483647;
			dstPath = /usr/share/man/man1/;
			dstSubfolderSpec = 0;
			files = (
			);
			runOnlyForDeploymentPostprocessing = 1;
		};
		2AA8187C27E0E87C0059F7FC /* CopyFiles */ = {
			isa = PBXCopyFilesBuildPhase;
			buildActionMask = 2147483647;
			dstPath = /usr/share/man/man1/;
			dstSubfolderSpec = 0;
			files = (
			);
			runOnlyForDeploymentPostprocessing = 1;
		};
		2AB396BB27E507B800FF27A5 /* CopyFiles */ = {
			isa = PBXCopyFilesBuildPhase;
			buildActionMask = 2147483647;
			dstPath = /usr/share/man/man1/;
			dstSubfolderSpec = 0;
			files = (
			);
			runOnlyForDeploymentPostprocessing = 1;
		};
/* End PBXCopyFilesBuildPhase section */

/* Begin PBXFileReference section */
		2A1A9DE21CB06C250080330D /* linked_lists */ = {isa = PBXFileReference; explicitFileType = "compiled.mach-o.executable"; includeInIndex = 0; path = linked_lists; sourceTree = BUILT_PRODUCTS_DIR; };
		2A1A9E021CB06E4A0080330D /* test_ud_graph.c */ = {isa = PBXFileReference; fileEncoding = 4; lastKnownFileType = sourcecode.c.c; name = test_ud_graph.c; path = graphs/test_ud_graph.c; sourceTree = SOURCE_ROOT; };
		2A1A9E031CB06E4A0080330D /* ud_graph.c */ = {isa = PBXFileReference; fileEncoding = 4; lastKnownFileType = sourcecode.c.c; name = ud_graph.c; path = graphs/ud_graph.c; sourceTree = SOURCE_ROOT; };
		2A1A9E071CB06E5B0080330D /* ud_graph.h */ = {isa = PBXFileReference; fileEncoding = 4; lastKnownFileType = sourcecode.c.h; name = ud_graph.h; path = include/ud_graph.h; sourceTree = SOURCE_ROOT; };
		2A1A9E181CB06EB30080330D /* ud_graphs */ = {isa = PBXFileReference; explicitFileType = "compiled.mach-o.executable"; includeInIndex = 0; path = ud_graphs; sourceTree = BUILT_PRODUCTS_DIR; };
		2A1A9E241CB06EBA0080330D /* fifo */ = {isa = PBXFileReference; explicitFileType = "compiled.mach-o.executable"; includeInIndex = 0; path = fifo; sourceTree = BUILT_PRODUCTS_DIR; };
		2A1A9E2A1CB082450080330D /* btree.c */ = {isa = PBXFileReference; fileEncoding = 4; lastKnownFileType = sourcecode.c.c; name = btree.c; path = btrees/btree.c; sourceTree = SOURCE_ROOT; };
		2A1A9E3C1CB0886F0080330D /* btree */ = {isa = PBXFileReference; explicitFileType = "compiled.mach-o.executable"; includeInIndex = 0; path = btree; sourceTree = BUILT_PRODUCTS_DIR; };
		2A36E4E5281ADC4000D1705F /* tbr0.c */ = {isa = PBXFileReference; fileEncoding = 4; lastKnownFileType = sourcecode.c.c; path = tbr0.c; sourceTree = "<group>"; };
		2A36E4E6281ADC4000D1705F /* tbr.c */ = {isa = PBXFileReference; fileEncoding = 4; lastKnownFileType = sourcecode.c.c; path = tbr.c; sourceTree = "<group>"; };
		2A36E4E7281ADC4000D1705F /* tbr1.c */ = {isa = PBXFileReference; fileEncoding = 4; lastKnownFileType = sourcecode.c.c; path = tbr1.c; sourceTree = "<group>"; };
		2A36E4EC281ADC7100D1705F /* tbr1.h */ = {isa = PBXFileReference; lastKnownFileType = sourcecode.c.h; path = tbr1.h; sourceTree = "<group>"; };
		2A36E4ED281ADC7100D1705F /* tbr.h */ = {isa = PBXFileReference; lastKnownFileType = sourcecode.c.h; path = tbr.h; sourceTree = "<group>"; };
		2A36E4EE281ADC7100D1705F /* tbr0.h */ = {isa = PBXFileReference; lastKnownFileType = sourcecode.c.h; path = tbr0.h; sourceTree = "<group>"; };
		2A590BF51CF2A4ED00FA4EBC /* binary_tree.h */ = {isa = PBXFileReference; fileEncoding = 4; lastKnownFileType = sourcecode.c.h; name = binary_tree.h; path = include/binary_tree.h; sourceTree = SOURCE_ROOT; };
		2A590BF61CF2A4ED00FA4EBC /* hash_table.h */ = {isa = PBXFileReference; fileEncoding = 4; lastKnownFileType = sourcecode.c.h; name = hash_table.h; path = include/hash_table.h; sourceTree = SOURCE_ROOT; };
		2A590BF71CF2A4ED00FA4EBC /* linked_list.h */ = {isa = PBXFileReference; fileEncoding = 4; lastKnownFileType = sourcecode.c.h; name = linked_list.h; path = include/linked_list.h; sourceTree = SOURCE_ROOT; };
		2A590BF91CF2A4F700FA4EBC /* binary_tree.c */ = {isa = PBXFileReference; fileEncoding = 4; lastKnownFileType = sourcecode.c.c; name = binary_tree.c; path = binary_trees/binary_tree.c; sourceTree = SOURCE_ROOT; };
		2A590BFB1CF2A4F700FA4EBC /* hash_table.c */ = {isa = PBXFileReference; fileEncoding = 4; lastKnownFileType = sourcecode.c.c; name = hash_table.c; path = hash_tables/hash_table.c; sourceTree = SOURCE_ROOT; };
		2A590BFC1CF2A4F700FA4EBC /* linked_list.c */ = {isa = PBXFileReference; fileEncoding = 4; lastKnownFileType = sourcecode.c.c; name = linked_list.c; path = linked_lists/linked_list.c; sourceTree = SOURCE_ROOT; };
		2A590C021CF2A52E00FA4EBC /* bcache.h */ = {isa = PBXFileReference; fileEncoding = 4; lastKnownFileType = sourcecode.c.h; name = bcache.h; path = include/bcache.h; sourceTree = SOURCE_ROOT; };
		2A590C111CF2C48C00FA4EBC /* bcache */ = {isa = PBXFileReference; explicitFileType = "compiled.mach-o.executable"; includeInIndex = 0; path = bcache; sourceTree = BUILT_PRODUCTS_DIR; };
		2A5DD6D927F1E37000D8F740 /* fifo.h */ = {isa = PBXFileReference; lastKnownFileType = sourcecode.c.h; path = fifo.h; sourceTree = "<group>"; };
		2A5DD6E727F1E39700D8F740 /* fifo.c */ = {isa = PBXFileReference; lastKnownFileType = sourcecode.c.c; path = fifo.c; sourceTree = "<group>"; };
		2A5DD6E927F1E39700D8F740 /* heap.c */ = {isa = PBXFileReference; lastKnownFileType = sourcecode.c.c; path = heap.c; sourceTree = "<group>"; };
		2A5DD6EA27F1E39700D8F740 /* Makefile */ = {isa = PBXFileReference; lastKnownFileType = sourcecode.make; path = Makefile; sourceTree = "<group>"; };
		2A5DD6EB27F1E39700D8F740 /* test_heap.c */ = {isa = PBXFileReference; lastKnownFileType = sourcecode.c.c; path = test_heap.c; sourceTree = "<group>"; };
		2A5DD6F327F1E52F00D8F740 /* Makefile */ = {isa = PBXFileReference; fileEncoding = 4; lastKnownFileType = sourcecode.make; path = Makefile; sourceTree = "<group>"; };
		2A5DD6F427F1E52F00D8F740 /* test_fifo.c */ = {isa = PBXFileReference; fileEncoding = 4; lastKnownFileType = sourcecode.c.c; path = test_fifo.c; sourceTree = "<group>"; };
		2A7635D62816FB0900CB15A9 /* btree.h */ = {isa = PBXFileReference; lastKnownFileType = sourcecode.c.h; path = btree.h; sourceTree = "<group>"; };
		2A7635E32816FB3F00CB15A9 /* test_btree.c */ = {isa = PBXFileReference; lastKnownFileType = sourcecode.c.c; path = test_btree.c; sourceTree = "<group>"; };
		2A7635E42816FB3F00CB15A9 /* Makefile */ = {isa = PBXFileReference; lastKnownFileType = sourcecode.make; path = Makefile; sourceTree = "<group>"; };
		2A893D2927ECA7A800F6B29F /* avl_tree.h */ = {isa = PBXFileReference; fileEncoding = 4; lastKnownFileType = sourcecode.c.h; path = avl_tree.h; sourceTree = "<group>"; };
		2A893D2A27ECA7A800F6B29F /* test_avl_tree.c */ = {isa = PBXFileReference; fileEncoding = 4; lastKnownFileType = sourcecode.c.c; name = test_avl_tree.c; path = avl_trees/test_avl_tree.c; sourceTree = SOURCE_ROOT; };
		2A893D2B27ECA7A800F6B29F /* avl_tree.c */ = {isa = PBXFileReference; fileEncoding = 4; lastKnownFileType = sourcecode.c.c; name = avl_tree.c; path = avl_trees/avl_tree.c; sourceTree = SOURCE_ROOT; };
		2A893D2C27ECA7A900F6B29F /* Makefile */ = {isa = PBXFileReference; fileEncoding = 4; lastKnownFileType = text; name = Makefile; path = avl_trees/Makefile; sourceTree = SOURCE_ROOT; };
		2A893D2F27ECA84700F6B29F /* Makefile */ = {isa = PBXFileReference; fileEncoding = 4; lastKnownFileType = text; name = Makefile; path = graphs/Makefile; sourceTree = SOURCE_ROOT; };
		2A893D3027ECA94D00F6B29F /* Makefile */ = {isa = PBXFileReference; fileEncoding = 4; lastKnownFileType = sourcecode.make; path = Makefile; sourceTree = "<group>"; };
		2A893D4727ECB14500F6B29F /* binary_trees */ = {isa = PBXFileReference; explicitFileType = "compiled.mach-o.executable"; includeInIndex = 0; path = binary_trees; sourceTree = BUILT_PRODUCTS_DIR; };
		2A893D5127ECB15C00F6B29F /* hash_tables */ = {isa = PBXFileReference; explicitFileType = "compiled.mach-o.executable"; includeInIndex = 0; path = hash_tables; sourceTree = BUILT_PRODUCTS_DIR; };
		2A893D5327ECB5A300F6B29F /* test_linked_list.c */ = {isa = PBXFileReference; fileEncoding = 4; lastKnownFileType = sourcecode.c.c; path = test_linked_list.c; sourceTree = "<group>"; };
		2A893D5527ECB5C500F6B29F /* Makefile */ = {isa = PBXFileReference; lastKnownFileType = sourcecode.make; path = Makefile; sourceTree = "<group>"; };
		2A893D5627ECE05400F6B29F /* test_hash_table.c */ = {isa = PBXFileReference; fileEncoding = 4; lastKnownFileType = sourcecode.c.c; path = test_hash_table.c; sourceTree = "<group>"; };
		2A893D5827ECE1D100F6B29F /* Makefile */ = {isa = PBXFileReference; lastKnownFileType = sourcecode.make; path = Makefile; sourceTree = "<group>"; };
		2AA8184D27DFAB310059F7FC /* heap.h */ = {isa = PBXFileReference; lastKnownFileType = sourcecode.c.h; name = heap.h; path = include/heap.h; sourceTree = SOURCE_ROOT; };
		2AA8185827DFAB530059F7FC /* heap */ = {isa = PBXFileReference; explicitFileType = "compiled.mach-o.executable"; includeInIndex = 0; path = heap; sourceTree = BUILT_PRODUCTS_DIR; };
		2AA8188027E0E87C0059F7FC /* avl_trees */ = {isa = PBXFileReference; explicitFileType = "compiled.mach-o.executable"; includeInIndex = 0; path = avl_trees; sourceTree = BUILT_PRODUCTS_DIR; };
		2AB396B527E5076A00FF27A5 /* avl_comparisons.cpp */ = {isa = PBXFileReference; lastKnownFileType = sourcecode.cpp.cpp; path = avl_comparisons.cpp; sourceTree = "<group>"; };
		2AB396BF27E507B800FF27A5 /* tests */ = {isa = PBXFileReference; explicitFileType = "compiled.mach-o.executable"; includeInIndex = 0; path = tests; sourceTree = BUILT_PRODUCTS_DIR; };
		2ACBAA9727F7564F00441F04 /* test_bcache.c */ = {isa = PBXFileReference; lastKnownFileType = sourcecode.c.c; path = test_bcache.c; sourceTree = "<group>"; };
		2ACBAA9827F7564F00441F04 /* Makefile */ = {isa = PBXFileReference; lastKnownFileType = sourcecode.make; path = Makefile; sourceTree = "<group>"; };
		2ACBAA9C27F7564F00441F04 /* bcache.c */ = {isa = PBXFileReference; lastKnownFileType = sourcecode.c.c; path = bcache.c; sourceTree = "<group>"; };
/* End PBXFileReference section */

/* Begin PBXFrameworksBuildPhase section */
		2A1A9DDF1CB06C250080330D /* Frameworks */ = {
			isa = PBXFrameworksBuildPhase;
			buildActionMask = 2147483647;
			files = (
			);
			runOnlyForDeploymentPostprocessing = 0;
		};
		2A1A9E131CB06EB30080330D /* Frameworks */ = {
			isa = PBXFrameworksBuildPhase;
			buildActionMask = 2147483647;
			files = (
			);
			runOnlyForDeploymentPostprocessing = 0;
		};
		2A1A9E1F1CB06EBA0080330D /* Frameworks */ = {
			isa = PBXFrameworksBuildPhase;
			buildActionMask = 2147483647;
			files = (
			);
			runOnlyForDeploymentPostprocessing = 0;
		};
		2A1A9E371CB0886F0080330D /* Frameworks */ = {
			isa = PBXFrameworksBuildPhase;
			buildActionMask = 2147483647;
			files = (
			);
			runOnlyForDeploymentPostprocessing = 0;
		};
		2A590C0C1CF2C48C00FA4EBC /* Frameworks */ = {
			isa = PBXFrameworksBuildPhase;
			buildActionMask = 2147483647;
			files = (
			);
			runOnlyForDeploymentPostprocessing = 0;
		};
		2A893D4227ECB14500F6B29F /* Frameworks */ = {
			isa = PBXFrameworksBuildPhase;
			buildActionMask = 2147483647;
			files = (
			);
			runOnlyForDeploymentPostprocessing = 0;
		};
		2A893D4C27ECB15C00F6B29F /* Frameworks */ = {
			isa = PBXFrameworksBuildPhase;
			buildActionMask = 2147483647;
			files = (
			);
			runOnlyForDeploymentPostprocessing = 0;
		};
		2AA8185327DFAB530059F7FC /* Frameworks */ = {
			isa = PBXFrameworksBuildPhase;
			buildActionMask = 2147483647;
			files = (
			);
			runOnlyForDeploymentPostprocessing = 0;
		};
		2AA8187B27E0E87C0059F7FC /* Frameworks */ = {
			isa = PBXFrameworksBuildPhase;
			buildActionMask = 2147483647;
			files = (
			);
			runOnlyForDeploymentPostprocessing = 0;
		};
		2AB396BA27E507B800FF27A5 /* Frameworks */ = {
			isa = PBXFrameworksBuildPhase;
			buildActionMask = 2147483647;
			files = (
			);
			runOnlyForDeploymentPostprocessing = 0;
		};
/* End PBXFrameworksBuildPhase section */

/* Begin PBXGroup section */
		2A1A9DD91CB06C250080330D = {
			isa = PBXGroup;
			children = (
				2A1A9DE41CB06C250080330D /* data_structs */,
				2A1A9DE31CB06C250080330D /* Products */,
			);
			sourceTree = "<group>";
		};
		2A1A9DE31CB06C250080330D /* Products */ = {
			isa = PBXGroup;
			children = (
				2A1A9DE21CB06C250080330D /* linked_lists */,
				2A1A9E181CB06EB30080330D /* ud_graphs */,
				2A1A9E241CB06EBA0080330D /* fifo */,
				2A1A9E3C1CB0886F0080330D /* btree */,
				2A590C111CF2C48C00FA4EBC /* bcache */,
				2AA8185827DFAB530059F7FC /* heap */,
				2AA8188027E0E87C0059F7FC /* avl_trees */,
				2AB396BF27E507B800FF27A5 /* tests */,
				2A893D4727ECB14500F6B29F /* binary_trees */,
				2A893D5127ECB15C00F6B29F /* hash_tables */,
			);
			name = Products;
			sourceTree = "<group>";
		};
		2A1A9DE41CB06C250080330D /* data_structs */ = {
			isa = PBXGroup;
			children = (
				2A893D3227ECAA3800F6B29F /* include */,
				2ACBAA9627F7564F00441F04 /* bcache */,
				2AA8188127E0E8F20059F7FC /* avl_trees */,
				2A893D3627ECAF4000F6B29F /* binary_trees */,
				2A893D3427ECAF4000F6B29F /* hash_tables */,
				2A893D3527ECAF4000F6B29F /* linked_lists */,
				2A1A9E281CB081D60080330D /* btrees */,
				2A1A9E011CB06E330080330D /* graphs */,
				2A893D3727ECB0C600F6B29F /* queues */,
				2AB396B427E5076A00FF27A5 /* tests */,
			);
			path = data_structs;
			sourceTree = "<group>";
		};
		2A1A9E011CB06E330080330D /* graphs */ = {
			isa = PBXGroup;
			children = (
				2A893D2F27ECA84700F6B29F /* Makefile */,
				2A1A9E031CB06E4A0080330D /* ud_graph.c */,
				2A1A9E021CB06E4A0080330D /* test_ud_graph.c */,
			);
			name = graphs;
			sourceTree = "<group>";
		};
		2A1A9E281CB081D60080330D /* btrees */ = {
			isa = PBXGroup;
			children = (
				2A1A9E2A1CB082450080330D /* btree.c */,
				2A7635E22816FB3F00CB15A9 /* test */,
			);
			name = btrees;
			sourceTree = "<group>";
		};
		2A36E4EB281ADC7100D1705F /* include */ = {
			isa = PBXGroup;
			children = (
				2A36E4ED281ADC7100D1705F /* tbr.h */,
				2A36E4EE281ADC7100D1705F /* tbr0.h */,
				2A36E4EC281ADC7100D1705F /* tbr1.h */,
			);
			path = include;
			sourceTree = "<group>";
		};
		2A5DD6E627F1E39700D8F740 /* fifos */ = {
			isa = PBXGroup;
			children = (
				2A5DD6F327F1E52F00D8F740 /* Makefile */,
				2A5DD6E727F1E39700D8F740 /* fifo.c */,
				2A5DD6F427F1E52F00D8F740 /* test_fifo.c */,
			);
			name = fifos;
			path = queues/fifos;
			sourceTree = SOURCE_ROOT;
		};
		2A5DD6E827F1E39700D8F740 /* heaps */ = {
			isa = PBXGroup;
			children = (
				2A5DD6EA27F1E39700D8F740 /* Makefile */,
				2A5DD6E927F1E39700D8F740 /* heap.c */,
				2A5DD6EB27F1E39700D8F740 /* test_heap.c */,
			);
			name = heaps;
			path = queues/heaps;
			sourceTree = SOURCE_ROOT;
		};
		2A7635E22816FB3F00CB15A9 /* test */ = {
			isa = PBXGroup;
			children = (
				2A36E4EB281ADC7100D1705F /* include */,
				2A7635E42816FB3F00CB15A9 /* Makefile */,
				2A36E4E6281ADC4000D1705F /* tbr.c */,
				2A36E4E5281ADC4000D1705F /* tbr0.c */,
				2A36E4E7281ADC4000D1705F /* tbr1.c */,
				2A7635E32816FB3F00CB15A9 /* test_btree.c */,
			);
			name = test;
			path = btrees/test;
			sourceTree = SOURCE_ROOT;
		};
		2A893D3227ECAA3800F6B29F /* include */ = {
			isa = PBXGroup;
			children = (
				2A893D2927ECA7A800F6B29F /* avl_tree.h */,
				2A590BF51CF2A4ED00FA4EBC /* binary_tree.h */,
				2A7635D62816FB0900CB15A9 /* btree.h */,
				2A590C021CF2A52E00FA4EBC /* bcache.h */,
				2A5DD6D927F1E37000D8F740 /* fifo.h */,
				2A590BF61CF2A4ED00FA4EBC /* hash_table.h */,
				2AA8184D27DFAB310059F7FC /* heap.h */,
				2A590BF71CF2A4ED00FA4EBC /* linked_list.h */,
				2A1A9E071CB06E5B0080330D /* ud_graph.h */,
			);
			path = include;
			sourceTree = SOURCE_ROOT;
		};
		2A893D3427ECAF4000F6B29F /* hash_tables */ = {
			isa = PBXGroup;
			children = (
				2A893D5827ECE1D100F6B29F /* Makefile */,
				2A590BFB1CF2A4F700FA4EBC /* hash_table.c */,
				2A893D5627ECE05400F6B29F /* test_hash_table.c */,
			);
			path = hash_tables;
			sourceTree = SOURCE_ROOT;
		};
		2A893D3527ECAF4000F6B29F /* linked_lists */ = {
			isa = PBXGroup;
			children = (
				2A893D5527ECB5C500F6B29F /* Makefile */,
				2A590BFC1CF2A4F700FA4EBC /* linked_list.c */,
				2A893D5327ECB5A300F6B29F /* test_linked_list.c */,
			);
			path = linked_lists;
			sourceTree = SOURCE_ROOT;
		};
		2A893D3627ECAF4000F6B29F /* binary_trees */ = {
			isa = PBXGroup;
			children = (
				2A590BF91CF2A4F700FA4EBC /* binary_tree.c */,
			);
			path = binary_trees;
			sourceTree = SOURCE_ROOT;
		};
		2A893D3727ECB0C600F6B29F /* queues */ = {
			isa = PBXGroup;
			children = (
				2A5DD6E627F1E39700D8F740 /* fifos */,
				2A5DD6E827F1E39700D8F740 /* heaps */,
			);
			path = queues;
			sourceTree = "<group>";
		};
		2AA8188127E0E8F20059F7FC /* avl_trees */ = {
			isa = PBXGroup;
			children = (
				2A893D2C27ECA7A900F6B29F /* Makefile */,
				2A893D2B27ECA7A800F6B29F /* avl_tree.c */,
				2A893D2A27ECA7A800F6B29F /* test_avl_tree.c */,
			);
			path = avl_trees;
			sourceTree = "<group>";
		};
		2AB396B427E5076A00FF27A5 /* tests */ = {
			isa = PBXGroup;
			children = (
				2A893D3027ECA94D00F6B29F /* Makefile */,
				2AB396B527E5076A00FF27A5 /* avl_comparisons.cpp */,
			);
			path = tests;
			sourceTree = SOURCE_ROOT;
		};
		2ACBAA9627F7564F00441F04 /* bcache */ = {
			isa = PBXGroup;
			children = (
				2ACBAA9827F7564F00441F04 /* Makefile */,
				2ACBAA9C27F7564F00441F04 /* bcache.c */,
				2ACBAA9727F7564F00441F04 /* test_bcache.c */,
			);
			path = bcache;
			sourceTree = SOURCE_ROOT;
		};
/* End PBXGroup section */

/* Begin PBXNativeTarget section */
		2A1A9DE11CB06C250080330D /* linked_lists */ = {
			isa = PBXNativeTarget;
			buildConfigurationList = 2A1A9DE91CB06C250080330D /* Build configuration list for PBXNativeTarget "linked_lists" */;
			buildPhases = (
				2A1A9DDE1CB06C250080330D /* Sources */,
				2A1A9DDF1CB06C250080330D /* Frameworks */,
				2A1A9DE01CB06C250080330D /* CopyFiles */,
			);
			buildRules = (
			);
			dependencies = (
			);
			name = linked_lists;
			productName = data_structs;
			productReference = 2A1A9DE21CB06C250080330D /* linked_lists */;
			productType = "com.apple.product-type.tool";
		};
		2A1A9E0D1CB06EB30080330D /* ud_graphs */ = {
			isa = PBXNativeTarget;
			buildConfigurationList = 2A1A9E151CB06EB30080330D /* Build configuration list for PBXNativeTarget "ud_graphs" */;
			buildPhases = (
				2A1A9E0E1CB06EB30080330D /* Sources */,
				2A1A9E131CB06EB30080330D /* Frameworks */,
				2A1A9E141CB06EB30080330D /* CopyFiles */,
			);
			buildRules = (
			);
			dependencies = (
			);
			name = ud_graphs;
			productName = data_structs;
			productReference = 2A1A9E181CB06EB30080330D /* ud_graphs */;
			productType = "com.apple.product-type.tool";
		};
		2A1A9E191CB06EBA0080330D /* fifo */ = {
			isa = PBXNativeTarget;
			buildConfigurationList = 2A1A9E211CB06EBA0080330D /* Build configuration list for PBXNativeTarget "fifo" */;
			buildPhases = (
				2A1A9E1A1CB06EBA0080330D /* Sources */,
				2A1A9E1F1CB06EBA0080330D /* Frameworks */,
				2A1A9E201CB06EBA0080330D /* CopyFiles */,
			);
			buildRules = (
			);
			dependencies = (
			);
			name = fifo;
			productName = data_structs;
			productReference = 2A1A9E241CB06EBA0080330D /* fifo */;
			productType = "com.apple.product-type.tool";
		};
		2A1A9E2F1CB0886F0080330D /* btree */ = {
			isa = PBXNativeTarget;
			buildConfigurationList = 2A1A9E391CB0886F0080330D /* Build configuration list for PBXNativeTarget "btree" */;
			buildPhases = (
				2A1A9E301CB0886F0080330D /* Sources */,
				2A1A9E371CB0886F0080330D /* Frameworks */,
				2A1A9E381CB0886F0080330D /* CopyFiles */,
			);
			buildRules = (
			);
			dependencies = (
			);
			name = btree;
			productName = data_structs;
			productReference = 2A1A9E3C1CB0886F0080330D /* btree */;
			productType = "com.apple.product-type.tool";
		};
		2A590C051CF2C48C00FA4EBC /* bcache */ = {
			isa = PBXNativeTarget;
			buildConfigurationList = 2A590C0E1CF2C48C00FA4EBC /* Build configuration list for PBXNativeTarget "bcache" */;
			buildPhases = (
				2A590C061CF2C48C00FA4EBC /* Sources */,
				2A590C0C1CF2C48C00FA4EBC /* Frameworks */,
				2A590C0D1CF2C48C00FA4EBC /* CopyFiles */,
			);
			buildRules = (
			);
			dependencies = (
			);
			name = bcache;
			productName = data_structs;
			productReference = 2A590C111CF2C48C00FA4EBC /* bcache */;
			productType = "com.apple.product-type.tool";
		};
		2A893D3F27ECB14500F6B29F /* binary_trees */ = {
			isa = PBXNativeTarget;
			buildConfigurationList = 2A893D4427ECB14500F6B29F /* Build configuration list for PBXNativeTarget "binary_trees" */;
			buildPhases = (
				2A893D4027ECB14500F6B29F /* Sources */,
				2A893D4227ECB14500F6B29F /* Frameworks */,
				2A893D4327ECB14500F6B29F /* CopyFiles */,
			);
			buildRules = (
			);
			dependencies = (
			);
			name = binary_trees;
			productName = data_structs;
			productReference = 2A893D4727ECB14500F6B29F /* binary_trees */;
			productType = "com.apple.product-type.tool";
		};
		2A893D4927ECB15C00F6B29F /* hash_tables */ = {
			isa = PBXNativeTarget;
			buildConfigurationList = 2A893D4E27ECB15C00F6B29F /* Build configuration list for PBXNativeTarget "hash_tables" */;
			buildPhases = (
				2A893D4A27ECB15C00F6B29F /* Sources */,
				2A893D4C27ECB15C00F6B29F /* Frameworks */,
				2A893D4D27ECB15C00F6B29F /* CopyFiles */,
			);
			buildRules = (
			);
			dependencies = (
			);
			name = hash_tables;
			productName = data_structs;
			productReference = 2A893D5127ECB15C00F6B29F /* hash_tables */;
			productType = "com.apple.product-type.tool";
		};
		2AA8184E27DFAB530059F7FC /* heap */ = {
			isa = PBXNativeTarget;
			buildConfigurationList = 2AA8185527DFAB530059F7FC /* Build configuration list for PBXNativeTarget "heap" */;
			buildPhases = (
				2AA8184F27DFAB530059F7FC /* Sources */,
				2AA8185327DFAB530059F7FC /* Frameworks */,
				2AA8185427DFAB530059F7FC /* CopyFiles */,
			);
			buildRules = (
			);
			dependencies = (
			);
			name = heap;
			productName = data_structs;
			productReference = 2AA8185827DFAB530059F7FC /* heap */;
			productType = "com.apple.product-type.tool";
		};
		2AA8187727E0E87C0059F7FC /* avl_trees */ = {
			isa = PBXNativeTarget;
			buildConfigurationList = 2AA8187D27E0E87C0059F7FC /* Build configuration list for PBXNativeTarget "avl_trees" */;
			buildPhases = (
				2AA8187827E0E87C0059F7FC /* Sources */,
				2AA8187B27E0E87C0059F7FC /* Frameworks */,
				2AA8187C27E0E87C0059F7FC /* CopyFiles */,
			);
			buildRules = (
			);
			dependencies = (
			);
			name = avl_trees;
			productName = data_structs;
			productReference = 2AA8188027E0E87C0059F7FC /* avl_trees */;
			productType = "com.apple.product-type.tool";
		};
		2AB396B627E507B800FF27A5 /* tests */ = {
			isa = PBXNativeTarget;
			buildConfigurationList = 2AB396BC27E507B800FF27A5 /* Build configuration list for PBXNativeTarget "tests" */;
			buildPhases = (
				2AB396B727E507B800FF27A5 /* Sources */,
				2AB396BA27E507B800FF27A5 /* Frameworks */,
				2AB396BB27E507B800FF27A5 /* CopyFiles */,
			);
			buildRules = (
			);
			dependencies = (
			);
			name = tests;
			productName = data_structs;
			productReference = 2AB396BF27E507B800FF27A5 /* tests */;
			productType = "com.apple.product-type.tool";
		};
/* End PBXNativeTarget section */

/* Begin PBXProject section */
		2A1A9DDA1CB06C250080330D /* Project object */ = {
			isa = PBXProject;
			attributes = {
				LastUpgradeCheck = 0800;
				ORGANIZATIONNAME = "Max Holden";
				TargetAttributes = {
					2A1A9DE11CB06C250080330D = {
						CreatedOnToolsVersion = 8.0;
					};
				};
			};
			buildConfigurationList = 2A1A9DDD1CB06C250080330D /* Build configuration list for PBXProject "data_structs" */;
			compatibilityVersion = "Xcode 3.2";
			developmentRegion = English;
			hasScannedForEncodings = 0;
			knownRegions = (
				English,
				en,
			);
			mainGroup = 2A1A9DD91CB06C250080330D;
			productRefGroup = 2A1A9DE31CB06C250080330D /* Products */;
			projectDirPath = "";
			projectRoot = "";
			targets = (
				2A1A9DE11CB06C250080330D /* linked_lists */,
				2A1A9E0D1CB06EB30080330D /* ud_graphs */,
				2A1A9E191CB06EBA0080330D /* fifo */,
				2A1A9E2F1CB0886F0080330D /* btree */,
				2A590C051CF2C48C00FA4EBC /* bcache */,
				2AA8184E27DFAB530059F7FC /* heap */,
				2AA8187727E0E87C0059F7FC /* avl_trees */,
				2AB396B627E507B800FF27A5 /* tests */,
				2A893D3F27ECB14500F6B29F /* binary_trees */,
				2A893D4927ECB15C00F6B29F /* hash_tables */,
			);
		};
/* End PBXProject section */

/* Begin PBXSourcesBuildPhase section */
		2A1A9DDE1CB06C250080330D /* Sources */ = {
			isa = PBXSourcesBuildPhase;
			buildActionMask = 2147483647;
			files = (
				2A893D5427ECB5A300F6B29F /* test_linked_list.c in Sources */,
				2A590C001CF2A4F700FA4EBC /* linked_list.c in Sources */,
			);
			runOnlyForDeploymentPostprocessing = 0;
		};
		2A1A9E0E1CB06EB30080330D /* Sources */ = {
			isa = PBXSourcesBuildPhase;
			buildActionMask = 2147483647;
			files = (
				2A1A9E261CB06ED40080330D /* test_ud_graph.c in Sources */,
				2A1A9E271CB06ED40080330D /* ud_graph.c in Sources */,
			);
			runOnlyForDeploymentPostprocessing = 0;
		};
		2A1A9E1A1CB06EBA0080330D /* Sources */ = {
			isa = PBXSourcesBuildPhase;
			buildActionMask = 2147483647;
			files = (
				2A5DD6F227F1E40C00D8F740 /* fifo.c in Sources */,
				2A5DD6F627F1E52F00D8F740 /* test_fifo.c in Sources */,
			);
			runOnlyForDeploymentPostprocessing = 0;
		};
		2A1A9E301CB0886F0080330D /* Sources */ = {
			isa = PBXSourcesBuildPhase;
			buildActionMask = 2147483647;
			files = (
				2A36E4EA281ADC4100D1705F /* tbr1.c in Sources */,
				2A7635E92816FC1600CB15A9 /* test_btree.c in Sources */,
				2A36E4E8281ADC4100D1705F /* tbr0.c in Sources */,
				2A36E4E9281ADC4100D1705F /* tbr.c in Sources */,
				2A1A9E311CB0886F0080330D /* btree.c in Sources */,
			);
			runOnlyForDeploymentPostprocessing = 0;
		};
		2A590C061CF2C48C00FA4EBC /* Sources */ = {
			isa = PBXSourcesBuildPhase;
			buildActionMask = 2147483647;
			files = (
				2ACBAA9E27F7587100441F04 /* bcache.c in Sources */,
				2ACBAA9F27F7587100441F04 /* test_bcache.c in Sources */,
				2A590C121CF2C8E000FA4EBC /* hash_table.c in Sources */,
				2A590C131CF2C8E000FA4EBC /* linked_list.c in Sources */,
			);
			runOnlyForDeploymentPostprocessing = 0;
		};
		2A893D4027ECB14500F6B29F /* Sources */ = {
			isa = PBXSourcesBuildPhase;
			buildActionMask = 2147483647;
			files = (
				2A893D4827ECB15400F6B29F /* binary_tree.c in Sources */,
			);
			runOnlyForDeploymentPostprocessing = 0;
		};
		2A893D4A27ECB15C00F6B29F /* Sources */ = {
			isa = PBXSourcesBuildPhase;
			buildActionMask = 2147483647;
			files = (
				2A893D5727ECE05400F6B29F /* test_hash_table.c in Sources */,
				2A893D5227ECB16E00F6B29F /* hash_table.c in Sources */,
			);
			runOnlyForDeploymentPostprocessing = 0;
		};
		2AA8184F27DFAB530059F7FC /* Sources */ = {
			isa = PBXSourcesBuildPhase;
			buildActionMask = 2147483647;
			files = (
				2A5DD6F027F1E3FA00D8F740 /* heap.c in Sources */,
				2A5DD6F127F1E3FA00D8F740 /* test_heap.c in Sources */,
			);
			runOnlyForDeploymentPostprocessing = 0;
		};
		2AA8187827E0E87C0059F7FC /* Sources */ = {
			isa = PBXSourcesBuildPhase;
			buildActionMask = 2147483647;
			files = (
				2A893D2D27ECA7A900F6B29F /* test_avl_tree.c in Sources */,
				2A893D2E27ECA7A900F6B29F /* avl_tree.c in Sources */,
			);
			runOnlyForDeploymentPostprocessing = 0;
		};
		2AB396B727E507B800FF27A5 /* Sources */ = {
			isa = PBXSourcesBuildPhase;
			buildActionMask = 2147483647;
			files = (
				2AB396C427E8B95000FF27A5 /* hash_table.c in Sources */,
				2AB396C327E89C2E00FF27A5 /* avl_comparisons.cpp in Sources */,
				2A893D3127ECA94D00F6B29F /* Makefile in Sources */,
				2AB396C127E507FF00FF27A5 /* binary_tree.c in Sources */,
			);
			runOnlyForDeploymentPostprocessing = 0;
		};
/* End PBXSourcesBuildPhase section */

/* Begin XCBuildConfiguration section */
		2A1A9DE71CB06C250080330D /* Debug */ = {
			isa = XCBuildConfiguration;
			buildSettings = {
				ALWAYS_SEARCH_USER_PATHS = NO;
				CLANG_ANALYZER_NONNULL = YES;
				CLANG_CXX_LANGUAGE_STANDARD = "gnu++0x";
				CLANG_CXX_LIBRARY = "libc++";
				CLANG_ENABLE_MODULES = YES;
				CLANG_ENABLE_OBJC_ARC = YES;
				CLANG_WARN_BOOL_CONVERSION = YES;
				CLANG_WARN_CONSTANT_CONVERSION = YES;
				CLANG_WARN_DIRECT_OBJC_ISA_USAGE = YES_ERROR;
				CLANG_WARN_EMPTY_BODY = YES;
				CLANG_WARN_ENUM_CONVERSION = YES;
				CLANG_WARN_INT_CONVERSION = YES;
				CLANG_WARN_OBJC_ROOT_CLASS = YES_ERROR;
				CLANG_WARN_UNREACHABLE_CODE = YES;
				CLANG_WARN__DUPLICATE_METHOD_MATCH = YES;
				CODE_SIGN_IDENTITY = "-";
				COPY_PHASE_STRIP = NO;
				DEBUG_INFORMATION_FORMAT = dwarf;
				ENABLE_STRICT_OBJC_MSGSEND = YES;
				ENABLE_TESTABILITY = YES;
				GCC_C_LANGUAGE_STANDARD = gnu99;
				GCC_DYNAMIC_NO_PIC = NO;
				GCC_NO_COMMON_BLOCKS = YES;
				GCC_OPTIMIZATION_LEVEL = 0;
				GCC_PREPROCESSOR_DEFINITIONS = (
					"DEBUG=1",
					"$(inherited)",
				);
				GCC_WARN_64_TO_32_BIT_CONVERSION = YES;
				GCC_WARN_ABOUT_RETURN_TYPE = YES_ERROR;
				GCC_WARN_UNDECLARED_SELECTOR = YES;
				GCC_WARN_UNINITIALIZED_AUTOS = YES_AGGRESSIVE;
				GCC_WARN_UNUSED_FUNCTION = YES;
				GCC_WARN_UNUSED_VARIABLE = YES;
				MACOSX_DEPLOYMENT_TARGET = 10.11;
				MTL_ENABLE_DEBUG_INFO = YES;
				ONLY_ACTIVE_ARCH = YES;
				SDKROOT = macosx;
			};
			name = Debug;
		};
		2A1A9DE81CB06C250080330D /* Release */ = {
			isa = XCBuildConfiguration;
			buildSettings = {
				ALWAYS_SEARCH_USER_PATHS = NO;
				CLANG_ANALYZER_NONNULL = YES;
				CLANG_CXX_LANGUAGE_STANDARD = "gnu++0x";
				CLANG_CXX_LIBRARY = "libc++";
				CLANG_ENABLE_MODULES = YES;
				CLANG_ENABLE_OBJC_ARC = YES;
				CLANG_WARN_BOOL_CONVERSION = YES;
				CLANG_WARN_CONSTANT_CONVERSION = YES;
				CLANG_WARN_DIRECT_OBJC_ISA_USAGE = YES_ERROR;
				CLANG_WARN_EMPTY_BODY = YES;
				CLANG_WARN_ENUM_CONVERSION = YES;
				CLANG_WARN_INT_CONVERSION = YES;
				CLANG_WARN_OBJC_ROOT_CLASS = YES_ERROR;
				CLANG_WARN_UNREACHABLE_CODE = YES;
				CLANG_WARN__DUPLICATE_METHOD_MATCH = YES;
				CODE_SIGN_IDENTITY = "-";
				COPY_PHASE_STRIP = NO;
				DEBUG_INFORMATION_FORMAT = "dwarf-with-dsym";
				ENABLE_NS_ASSERTIONS = NO;
				ENABLE_STRICT_OBJC_MSGSEND = YES;
				GCC_C_LANGUAGE_STANDARD = gnu99;
				GCC_NO_COMMON_BLOCKS = YES;
				GCC_WARN_64_TO_32_BIT_CONVERSION = YES;
				GCC_WARN_ABOUT_RETURN_TYPE = YES_ERROR;
				GCC_WARN_UNDECLARED_SELECTOR = YES;
				GCC_WARN_UNINITIALIZED_AUTOS = YES_AGGRESSIVE;
				GCC_WARN_UNUSED_FUNCTION = YES;
				GCC_WARN_UNUSED_VARIABLE = YES;
				MACOSX_DEPLOYMENT_TARGET = 10.11;
				MTL_ENABLE_DEBUG_INFO = NO;
				SDKROOT = macosx;
			};
			name = Release;
		};
		2A1A9DEA1CB06C250080330D /* Debug */ = {
			isa = XCBuildConfiguration;
			buildSettings = {
				PRODUCT_NAME = "$(TARGET_NAME)";
			};
			name = Debug;
		};
		2A1A9DEB1CB06C250080330D /* Release */ = {
			isa = XCBuildConfiguration;
			buildSettings = {
				PRODUCT_NAME = "$(TARGET_NAME)";
			};
			name = Release;
		};
		2A1A9E161CB06EB30080330D /* Debug */ = {
			isa = XCBuildConfiguration;
			buildSettings = {
				PRODUCT_NAME = "$(TARGET_NAME)";
			};
			name = Debug;
		};
		2A1A9E171CB06EB30080330D /* Release */ = {
			isa = XCBuildConfiguration;
			buildSettings = {
				PRODUCT_NAME = "$(TARGET_NAME)";
			};
			name = Release;
		};
		2A1A9E221CB06EBA0080330D /* Debug */ = {
			isa = XCBuildConfiguration;
			buildSettings = {
				HEADER_SEARCH_PATHS = /Users/mholden/devel/synch/include;
				PRODUCT_NAME = "$(TARGET_NAME)";
			};
			name = Debug;
		};
		2A1A9E231CB06EBA0080330D /* Release */ = {
			isa = XCBuildConfiguration;
			buildSettings = {
				HEADER_SEARCH_PATHS = /Users/mholden/devel/synch/include;
				PRODUCT_NAME = "$(TARGET_NAME)";
			};
			name = Release;
		};
		2A1A9E3A1CB0886F0080330D /* Debug */ = {
			isa = XCBuildConfiguration;
			buildSettings = {
				HEADER_SEARCH_PATHS = (
					/Users/mholden/devel/synch/include,
					/Users/mholden/devel/data_structs/btrees/test/include,
				);
				PRODUCT_NAME = "$(TARGET_NAME)";
			};
			name = Debug;
		};
		2A1A9E3B1CB0886F0080330D /* Release */ = {
			isa = XCBuildConfiguration;
			buildSettings = {
				HEADER_SEARCH_PATHS = (
					/Users/mholden/devel/synch/include,
					/Users/mholden/devel/data_structs/btrees/test/include,
				);
				PRODUCT_NAME = "$(TARGET_NAME)";
			};
			name = Release;
		};
		2A590C0F1CF2C48C00FA4EBC /* Debug */ = {
			isa = XCBuildConfiguration;
			buildSettings = {
				HEADER_SEARCH_PATHS = /Users/mholden/devel/synch/include;
				PRODUCT_NAME = "$(TARGET_NAME)";
			};
			name = Debug;
		};
		2A590C101CF2C48C00FA4EBC /* Release */ = {
			isa = XCBuildConfiguration;
			buildSettings = {
				HEADER_SEARCH_PATHS = /Users/mholden/devel/synch/include;
				PRODUCT_NAME = "$(TARGET_NAME)";
			};
			name = Release;
		};
		2A893D4527ECB14500F6B29F /* Debug */ = {
			isa = XCBuildConfiguration;
			buildSettings = {
				PRODUCT_NAME = "$(TARGET_NAME)";
			};
			name = Debug;
		};
		2A893D4627ECB14500F6B29F /* Release */ = {
			isa = XCBuildConfiguration;
			buildSettings = {
				PRODUCT_NAME = "$(TARGET_NAME)";
			};
			name = Release;
		};
		2A893D4F27ECB15C00F6B29F /* Debug */ = {
			isa = XCBuildConfiguration;
			buildSettings = {
				PRODUCT_NAME = "$(TARGET_NAME)";
			};
			name = Debug;
		};
		2A893D5027ECB15C00F6B29F /* Release */ = {
			isa = XCBuildConfiguration;
			buildSettings = {
				PRODUCT_NAME = "$(TARGET_NAME)";
			};
			name = Release;
		};
		2AA8185627DFAB530059F7FC /* Debug */ = {
			isa = XCBuildConfiguration;
			buildSettings = {
				PRODUCT_NAME = "$(TARGET_NAME)";
			};
			name = Debug;
		};
		2AA8185727DFAB530059F7FC /* Release */ = {
			isa = XCBuildConfiguration;
			buildSettings = {
				PRODUCT_NAME = "$(TARGET_NAME)";
			};
			name = Release;
		};
		2AA8187E27E0E87C0059F7FC /* Debug */ = {
			isa = XCBuildConfiguration;
			buildSettings = {
				PRODUCT_NAME = "$(TARGET_NAME)";
			};
			name = Debug;
		};
		2AA8187F27E0E87C0059F7FC /* Release */ = {
			isa = XCBuildConfiguration;
			buildSettings = {
				PRODUCT_NAME = "$(TARGET_NAME)";
			};
			name = Release;
		};
		2AB396BD27E507B800FF27A5 /* Debug */ = {
			isa = XCBuildConfiguration;
			buildSettings = {
				PRODUCT_NAME = "$(TARGET_NAME)";
			};
			name = Debug;
		};
		2AB396BE27E507B800FF27A5 /* Release */ = {
			isa = XCBuildConfiguration;
			buildSettings = {
				PRODUCT_NAME = "$(TARGET_NAME)";
			};
			name = Release;
		};
/* End XCBuildConfiguration section */

/* Begin XCConfigurationList section */
		2A1A9DDD1CB06C250080330D /* Build configuration list for PBXProject "data_structs" */ = {
			isa = XCConfigurationList;
			buildConfigurations = (
				2A1A9DE71CB06C250080330D /* Debug */,
				2A1A9DE81CB06C250080330D /* Release */,
			);
			defaultConfigurationIsVisible = 0;
			defaultConfigurationName = Release;
		};
		2A1A9DE91CB06C250080330D /* Build configuration list for PBXNativeTarget "linked_lists" */ = {
			isa = XCConfigurationList;
			buildConfigurations = (
				2A1A9DEA1CB06C250080330D /* Debug */,
				2A1A9DEB1CB06C250080330D /* Release */,
			);
			defaultConfigurationIsVisible = 0;
			defaultConfigurationName = Release;
		};
		2A1A9E151CB06EB30080330D /* Build configuration list for PBXNativeTarget "ud_graphs" */ = {
			isa = XCConfigurationList;
			buildConfigurations = (
				2A1A9E161CB06EB30080330D /* Debug */,
				2A1A9E171CB06EB30080330D /* Release */,
			);
			defaultConfigurationIsVisible = 0;
			defaultConfigurationName = Release;
		};
		2A1A9E211CB06EBA0080330D /* Build configuration list for PBXNativeTarget "fifo" */ = {
			isa = XCConfigurationList;
			buildConfigurations = (
				2A1A9E221CB06EBA0080330D /* Debug */,
				2A1A9E231CB06EBA0080330D /* Release */,
			);
			defaultConfigurationIsVisible = 0;
			defaultConfigurationName = Release;
		};
		2A1A9E391CB0886F0080330D /* Build configuration list for PBXNativeTarget "btree" */ = {
			isa = XCConfigurationList;
			buildConfigurations = (
				2A1A9E3A1CB0886F0080330D /* Debug */,
				2A1A9E3B1CB0886F0080330D /* Release */,
			);
			defaultConfigurationIsVisible = 0;
			defaultConfigurationName = Release;
		};
		2A590C0E1CF2C48C00FA4EBC /* Build configuration list for PBXNativeTarget "bcache" */ = {
			isa = XCConfigurationList;
			buildConfigurations = (
				2A590C0F1CF2C48C00FA4EBC /* Debug */,
				2A590C101CF2C48C00FA4EBC /* Release */,
			);
			defaultConfigurationIsVisible = 0;
			defaultConfigurationName = Release;
		};
		2A893D4427ECB14500F6B29F /* Build configuration list for PBXNativeTarget "binary_trees" */ = {
			isa = XCConfigurationList;
			buildConfigurations = (
				2A893D4527ECB14500F6B29F /* Debug */,
				2A893D4627ECB14500F6B29F /* Release */,
			);
			defaultConfigurationIsVisible = 0;
			defaultConfigurationName = Release;
		};
		2A893D4E27ECB15C00F6B29F /* Build configuration list for PBXNativeTarget "hash_tables" */ = {
			isa = XCConfigurationList;
			buildConfigurations = (
				2A893D4F27ECB15C00F6B29F /* Debug */,
				2A893D5027ECB15C00F6B29F /* Release */,
			);
			defaultConfigurationIsVisible = 0;
			defaultConfigurationName = Release;
		};
		2AA8185527DFAB530059F7FC /* Build configuration list for PBXNativeTarget "heap" */ = {
			isa = XCConfigurationList;
			buildConfigurations = (
				2AA8185627DFAB530059F7FC /* Debug */,
				2AA8185727DFAB530059F7FC /* Release */,
			);
			defaultConfigurationIsVisible = 0;
			defaultConfigurationName = Release;
		};
		2AA8187D27E0E87C0059F7FC /* Build configuration list for PBXNativeTarget "avl_trees" */ = {
			isa = XCConfigurationList;
			buildConfigurations = (
				2AA8187E27E0E87C0059F7FC /* Debug */,
				2AA8187F27E0E87C0059F7FC /* Release */,
			);
			defaultConfigurationIsVisible = 0;
			defaultConfigurationName = Release;
		};
		2AB396BC27E507B800FF27A5 /* Build configuration list for PBXNativeTarget "tests" */ = {
			isa = XCConfigurationList;
			buildConfigurations = (
				2AB396BD27E507B800FF27A5 /* Debug */,
				2AB396BE27E507B800FF27A5 /* Release */,
			);
			defaultConfigurationIsVisible = 0;
			defaultConfigurationName = Release;
		};
/* End XCConfigurationList section */
	};
	rootObject = 2A1A9DDA1CB06C250080330D /* Project object */;
}
